
Microsoft Visual Studio Solution File, Format Version 12.00
# Visual Studio 15
VisualStudioVersion = 15.0.28010.2019
MinimumVisualStudioVersion = 10.0.40219.1
Project("{FAE04EC0-301F-11D3-BF4B-00C04F79EFBC}") = "CHM1LAB", "CHM1LAB\CHM1LAB.csproj", "{2F75A168-4AB6-485D-B56F-9B511618EB80}"
EndProject
Global
	GlobalSection(SolutionConfigurationPlatforms) = preSolution
		Debug|Any CPU = Debug|Any CPU
		Release|Any CPU = Release|Any CPU
	EndGlobalSection
	GlobalSection(ProjectConfigurationPlatforms) = postSolution
		{2F75A168-4AB6-485D-B56F-9B511618EB80}.Debug|Any CPU.ActiveCfg = Debug|Any CPU
		{2F75A168-4AB6-485D-B56F-9B511618EB80}.Debug|Any CPU.Build.0 = Debug|Any CPU
		{2F75A168-4AB6-485D-B56F-9B511618EB80}.Release|Any CPU.ActiveCfg = Release|Any CPU
		{2F75A168-4AB6-485D-B56F-9B511618EB80}.Release|Any CPU.Build.0 = Release|Any CPU
	EndGlobalSection
	GlobalSection(SolutionProperties) = preSolution
		HideSolutionNode = FALSE
	EndGlobalSection
	GlobalSection(ExtensibilityGlobals) = postSolution
		SolutionGuid = {132DD87A-A193-4C99-93C6-59DB42E01093}
	EndGlobalSection
EndGlobal
